
Microsoft Visual Studio Solution File, Format Version 12.00
# Visual Studio Version 17
VisualStudioVersion = 17.6.33723.286
MinimumVisualStudioVersion = 10.0.40219.1
Project("{FAE04EC0-301F-11D3-BF4B-00C04F79EFBC}") = "PersonDetails.WebAPi", "PersonDetails.WebAPi\PersonDetails.WebAPi.csproj", "{10A8240D-67E1-4C11-B59B-3570B3C6A788}"
EndProject
Global
	GlobalSection(SolutionConfigurationPlatforms) = preSolution
		Debug|Any CPU = Debug|Any CPU
		Release|Any CPU = Release|Any CPU
	EndGlobalSection
	GlobalSection(ProjectConfigurationPlatforms) = postSolution
		{10A8240D-67E1-4C11-B59B-3570B3C6A788}.Debug|Any CPU.ActiveCfg = Debug|Any CPU
		{10A8240D-67E1-4C11-B59B-3570B3C6A788}.Debug|Any CPU.Build.0 = Debug|Any CPU
		{10A8240D-67E1-4C11-B59B-3570B3C6A788}.Release|Any CPU.ActiveCfg = Release|Any CPU
		{10A8240D-67E1-4C11-B59B-3570B3C6A788}.Release|Any CPU.Build.0 = Release|Any CPU
	EndGlobalSection
	GlobalSection(SolutionProperties) = preSolution
		HideSolutionNode = FALSE
	EndGlobalSection
	GlobalSection(ExtensibilityGlobals) = postSolution
		SolutionGuid = {E269634A-CC44-447C-BEF9-BEA3443D10A2}
	EndGlobalSection
EndGlobal
